
Microsoft Visual Studio Solution File, Format Version 12.00
# Visual Studio Version 16
VisualStudioVersion = 16.0.29911.84
MinimumVisualStudioVersion = 10.0.40219.1
Project("{FAE04EC0-301F-11D3-BF4B-00C04F79EFBC}") = "App02_MVC", "App02_MVC\App02_MVC.csproj", "{C2B3944F-12CD-4AAA-9FD3-674074645741}"
EndProject
Global
	GlobalSection(SolutionConfigurationPlatforms) = preSolution
		Debug|Any CPU = Debug|Any CPU
		Release|Any CPU = Release|Any CPU
	EndGlobalSection
	GlobalSection(ProjectConfigurationPlatforms) = postSolution
		{C2B3944F-12CD-4AAA-9FD3-674074645741}.Debug|Any CPU.ActiveCfg = Debug|Any CPU
		{C2B3944F-12CD-4AAA-9FD3-674074645741}.Debug|Any CPU.Build.0 = Debug|Any CPU
		{C2B3944F-12CD-4AAA-9FD3-674074645741}.Release|Any CPU.ActiveCfg = Release|Any CPU
		{C2B3944F-12CD-4AAA-9FD3-674074645741}.Release|Any CPU.Build.0 = Release|Any CPU
	EndGlobalSection
	GlobalSection(SolutionProperties) = preSolution
		HideSolutionNode = FALSE
	EndGlobalSection
	GlobalSection(ExtensibilityGlobals) = postSolution
		SolutionGuid = {59E34734-4354-46F3-91FA-1FBF80AE2A92}
	EndGlobalSection
EndGlobal
